
Microsoft Visual Studio Solution File, Format Version 12.00
# Visual Studio Version 17
VisualStudioVersion = 17.0.31903.59
MinimumVisualStudioVersion = 10.0.40219.1
Project("{FAE04EC0-301F-11D3-BF4B-00C04F79EFBC}") = "Sarab.Cli", "Sarab.Cli\Sarab.Cli.csproj", "{F88226DA-14CA-4695-B28A-B1D03FA57C6D}"
EndProject
Project("{FAE04EC0-301F-11D3-BF4B-00C04F79EFBC}") = "Sarab.Core", "Sarab.Core\Sarab.Core.csproj", "{BCB9E691-C24F-4F36-BB4D-BC10F84213C5}"
EndProject
Project("{FAE04EC0-301F-11D3-BF4B-00C04F79EFBC}") = "Sarab.Infrastructure", "Sarab.Infrastructure\Sarab.Infrastructure.csproj", "{98AB0820-039D-43B6-A0A2-1404FD5EBD09}"
EndProject
Global
	GlobalSection(SolutionConfigurationPlatforms) = preSolution
		Debug|Any CPU = Debug|Any CPU
		Debug|x64 = Debug|x64
		Debug|x86 = Debug|x86
		Release|Any CPU = Release|Any CPU
		Release|x64 = Release|x64
		Release|x86 = Release|x86
	EndGlobalSection
	GlobalSection(ProjectConfigurationPlatforms) = postSolution
		{F88226DA-14CA-4695-B28A-B1D03FA57C6D}.Debug|Any CPU.ActiveCfg = Debug|Any CPU
		{F88226DA-14CA-4695-B28A-B1D03FA57C6D}.Debug|Any CPU.Build.0 = Debug|Any CPU
		{F88226DA-14CA-4695-B28A-B1D03FA57C6D}.Debug|x64.ActiveCfg = Debug|Any CPU
		{F88226DA-14CA-4695-B28A-B1D03FA57C6D}.Debug|x64.Build.0 = Debug|Any CPU
		{F88226DA-14CA-4695-B28A-B1D03FA57C6D}.Debug|x86.ActiveCfg = Debug|Any CPU
		{F88226DA-14CA-4695-B28A-B1D03FA57C6D}.Debug|x86.Build.0 = Debug|Any CPU
		{F88226DA-14CA-4695-B28A-B1D03FA57C6D}.Release|Any CPU.ActiveCfg = Release|Any CPU
		{F88226DA-14CA-4695-B28A-B1D03FA57C6D}.Release|Any CPU.Build.0 = Release|Any CPU
		{F88226DA-14CA-4695-B28A-B1D03FA57C6D}.Release|x64.ActiveCfg = Release|Any CPU
		{F88226DA-14CA-4695-B28A-B1D03FA57C6D}.Release|x64.Build.0 = Release|Any CPU
		{F88226DA-14CA-4695-B28A-B1D03FA57C6D}.Release|x86.ActiveCfg = Release|Any CPU
		{F88226DA-14CA-4695-B28A-B1D03FA57C6D}.Release|x86.Build.0 = Release|Any CPU
		{BCB9E691-C24F-4F36-BB4D-BC10F84213C5}.Debug|Any CPU.ActiveCfg = Debug|Any CPU
		{BCB9E691-C24F-4F36-BB4D-BC10F84213C5}.Debug|Any CPU.Build.0 = Debug|Any CPU
		{BCB9E691-C24F-4F36-BB4D-BC10F84213C5}.Debug|x64.ActiveCfg = Debug|Any CPU
		{BCB9E691-C24F-4F36-BB4D-BC10F84213C5}.Debug|x64.Build.0 = Debug|Any CPU
		{BCB9E691-C24F-4F36-BB4D-BC10F84213C5}.Debug|x86.ActiveCfg = Debug|Any CPU
		{BCB9E691-C24F-4F36-BB4D-BC10F84213C5}.Debug|x86.Build.0 = Debug|Any CPU
		{BCB9E691-C24F-4F36-BB4D-BC10F84213C5}.Release|Any CPU.ActiveCfg = Release|Any CPU
		{BCB9E691-C24F-4F36-BB4D-BC10F84213C5}.Release|Any CPU.Build.0 = Release|Any CPU
		{BCB9E691-C24F-4F36-BB4D-BC10F84213C5}.Release|x64.ActiveCfg = Release|Any CPU
		{BCB9E691-C24F-4F36-BB4D-BC10F84213C5}.Release|x64.Build.0 = Release|Any CPU
		{BCB9E691-C24F-4F36-BB4D-BC10F84213C5}.Release|x86.ActiveCfg = Release|Any CPU
		{BCB9E691-C24F-4F36-BB4D-BC10F84213C5}.Release|x86.Build.0 = Release|Any CPU
		{98AB0820-039D-43B6-A0A2-1404FD5EBD09}.Debug|Any CPU.ActiveCfg = Debug|Any CPU
		{98AB0820-039D-43B6-A0A2-1404FD5EBD09}.Debug|Any CPU.Build.0 = Debug|Any CPU
		{98AB0820-039D-43B6-A0A2-1404FD5EBD09}.Debug|x64.ActiveCfg = Debug|Any CPU
		{98AB0820-039D-43B6-A0A2-1404FD5EBD09}.Debug|x64.Build.0 = Debug|Any CPU
		{98AB0820-039D-43B6-A0A2-1404FD5EBD09}.Debug|x86.ActiveCfg = Debug|Any CPU
		{98AB0820-039D-43B6-A0A2-1404FD5EBD09}.Debug|x86.Build.0 = Debug|Any CPU
		{98AB0820-039D-43B6-A0A2-1404FD5EBD09}.Release|Any CPU.ActiveCfg = Release|Any CPU
		{98AB0820-039D-43B6-A0A2-1404FD5EBD09}.Release|Any CPU.Build.0 = Release|Any CPU
		{98AB0820-039D-43B6-A0A2-1404FD5EBD09}.Release|x64.ActiveCfg = Release|Any CPU
		{98AB0820-039D-43B6-A0A2-1404FD5EBD09}.Release|x64.Build.0 = Release|Any CPU
		{98AB0820-039D-43B6-A0A2-1404FD5EBD09}.Release|x86.ActiveCfg = Release|Any CPU
		{98AB0820-039D-43B6-A0A2-1404FD5EBD09}.Release|x86.Build.0 = Release|Any CPU
	EndGlobalSection
	GlobalSection(SolutionProperties) = preSolution
		HideSolutionNode = FALSE
	EndGlobalSection
EndGlobal
